<?xml version="1.0" encoding="utf-8"?>
<Project ToolsVersion="4.0" xmlns="http://schemas.microsoft.com/developer/msbuild/2003">
  <ItemGroup>
    <ClCompile Include="Src\Object\Actor\Weapon\Katana.cpp" />
    <ClCompile Include="Src\Scene\GameOverScene.cpp" />
    <ClCompile Include="Src\Object\Actor\Charactor\Enemy\EnemyMob.cpp" />
    <ClCompile Include="Src\Object\Actor\Charactor\Enemy\EnemyBase.cpp" />
    <ClCompile Include="Src\Object\Collider\ColliderSphere.cpp" />
    <ClCompile Include="Src\Object\Collider\ColliderModel.cpp" />
    <ClCompile Include="Src\Object\Collider\ColliderLine.cpp" />
    <ClCompile Include="Src\Object\Collider\ColliderCapsule.cpp" />
    <ClCompile Include="Src\Object\Collider\ColliderBase.cpp" />
    <ClCompile Include="Src\Object\Common\AnimationController.cpp" />
    <ClCompile Include="Src\Object\Actor\Charactor\CharactorBase.cpp" />
    <ClCompile Include="Src\Object\Actor\Charactor\Player.cpp" />
    <ClCompile Include="Src\Manager\Camera.cpp" />
    <ClCompile Include="Src\Object\Actor\ActorBase.cpp" />
    <ClCompile Include="Src\Application.cpp" />
    <ClCompile Include="Src\Common\Fader.cpp" />
    <ClCompile Include="Src\Common\FpsController.cpp" />
    <ClCompile Include="Src\Common\Quaternion.cpp" />
    <ClCompile Include="Src\Common\Vector2.cpp" />
    <ClCompile Include="Src\main.cpp" />
    <ClCompile Include="Src\Manager\InputManager.cpp" />
    <ClCompile Include="Src\Manager\Resource.cpp" />
    <ClCompile Include="Src\Manager\ResourceManager.cpp" />
    <ClCompile Include="Src\Manager\SceneManager.cpp" />
    <ClCompile Include="Src\Scene\DebugScene.cpp" />
    <ClCompile Include="Src\Scene\GameScene.cpp" />
    <ClCompile Include="Src\Scene\SceneBase.cpp" />
    <ClCompile Include="Src\Scene\TitleScene.cpp" />
    <ClCompile Include="Src\Utility\AsoUtility.cpp" />
    <ClCompile Include="Src\Utility\MatrixUtility.cpp" />
    <ClCompile Include="Src\Scene\TutorialScene.cpp" />
    <ClCompile Include="Src\Object\Actor\Stage\Stage.cpp" />
    <ClCompile Include="Src\Object\Common\Transform.cpp" />
    <ClCompile Include="Src\Object\Actor\Weapon\WeaponBase.cpp" />
    <ClCompile Include="Src\Object\Actor\Stage\Door.cpp" />
    <ClCompile Include="Src\Scene\GameClearScene.cpp" />
    <ClCompile Include="Src\Scene\BossScene.cpp" />
    <ClCompile Include="Src\Object\Actor\Stage\BossStage.cpp" />
    <ClCompile Include="Src\Object\Actor\Charactor\Enemy\Boss.cpp" />
    <ClCompile Include="Src\Scene\MenuScene.cpp" />
    <ClCompile Include="Src\Object\TutorialUI.cpp" />
    <ClCompile Include="Src\Manager\SoundManager.cpp" />
  </ItemGroup>
  <ItemGroup>
    <ClInclude Include="Src\Object\Actor\Weapon\Katana.h" />
    <ClInclude Include="Src\Scene\GameOverScene.h" />
    <ClInclude Include="Src\Object\Actor\Charactor\Enemy\EnemyMob.h" />
    <ClInclude Include="Src\Object\Actor\Charactor\Enemy\EnemyBase.h" />
    <ClInclude Include="Src\Object\Collider\ColliderSphere.h" />
    <ClInclude Include="Src\Object\Collider\ColliderModel.h" />
    <ClInclude Include="Src\Object\Collider\ColliderLine.h" />
    <ClInclude Include="Src\Object\Collider\ColliderCapsule.h" />
    <ClInclude Include="Src\Object\Collider\ColliderBase.h" />
    <ClInclude Include="Src\Object\Common\AnimationController.h" />
    <ClInclude Include="Src\Object\Actor\Charactor\CharactorBase.h" />
    <ClInclude Include="Src\Object\Actor\Charactor\Player.h" />
    <ClInclude Include="Src\Manager\Camera.h" />
    <ClInclude Include="Src\Object\Actor\ActorBase.h" />
    <ClInclude Include="Src\Application.h" />
    <ClInclude Include="Src\Common\Fader.h" />
    <ClInclude Include="Src\Common\FpsController.h" />
    <ClInclude Include="Src\Common\Quaternion.h" />
    <ClInclude Include="Src\Common\Vector2.h" />
    <ClInclude Include="Src\main.h" />
    <ClInclude Include="Src\Manager\InputManager.h" />
    <ClInclude Include="Src\Manager\Resource.h" />
    <ClInclude Include="Src\Manager\ResourceManager.h" />
    <ClInclude Include="Src\Manager\SceneManager.h" />
    <ClInclude Include="Src\Scene\DebugScene.h" />
    <ClInclude Include="Src\Scene\GameScene.h" />
    <ClInclude Include="Src\Scene\SceneBase.h" />
    <ClInclude Include="Src\Scene\TitleScene.h" />
    <ClInclude Include="Src\Utility\AsoUtility.h" />
    <ClInclude Include="Src\Utility\MatrixUtility.h" />
    <ClInclude Include="Src\Scene\TutorialScene.h" />
    <ClInclude Include="Src\Object\Actor\Stage\Stage.h" />
    <ClInclude Include="Src\Object\Common\Transform.h" />
    <ClInclude Include="Src\Object\Actor\Weapon\WeaponBase.h" />
    <ClInclude Include="Src\Object\Actor\Stage\Door.h" />
    <ClInclude Include="Src\Scene\GameClearScene.h" />
    <ClInclude Include="Src\Scene\BossScene.h" />
    <ClInclude Include="Src\Object\Actor\Stage\BossStage.h" />
    <ClInclude Include="Src\Object\Actor\Charactor\Enemy\Boss.h" />
    <ClInclude Include="Src\Scene\MenuScene.h" />
    <ClInclude Include="Src\Object\TutorialUI.h" />
    <ClInclude Include="Src\Manager\SoundManager.h" />
  </ItemGroup>
  <ItemGroup>
    <None Include=".gitignore" />
    <None Include="README.md" />
  </ItemGroup>
  <ItemGroup>
    <Text Include="Log.txt" />
  </ItemGroup>
</Project>